// !$*UTF8*$!
{
	archiveVersion = 1;
	classes = {
	};
	objectVersion = 50;
	objects = {

/* Begin PBXBuildFile section */
		42434D18261717D6002AA137 /* _237_删除链表中的节点.swift in Sources */ = {isa = PBXBuildFile; fileRef = 42434D17261717D6002AA137 /* _237_删除链表中的节点.swift */; };
		42434D1C2617187D002AA137 /* ListNode.swift in Sources */ = {isa = PBXBuildFile; fileRef = 42434D1B2617187D002AA137 /* ListNode.swift */; };
		42434D1F26171BE8002AA137 /* _206_反转链表.swift in Sources */ = {isa = PBXBuildFile; fileRef = 42434D1E26171BE8002AA137 /* _206_反转链表.swift */; };
		4260C3BE264BCE0100F9D08E /* Offer_06.swift in Sources */ = {isa = PBXBuildFile; fileRef = 4260C3BD264BCE0100F9D08E /* Offer_06.swift */; };
		42C335422619E5360035968B /* _141_环形链表.swift in Sources */ = {isa = PBXBuildFile; fileRef = 42C335412619E5360035968B /* _141_环形链表.swift */; };
		42CBC86C2601FB6A00B136FE /* Offer_21.swift in Sources */ = {isa = PBXBuildFile; fileRef = 42CBC86B2601FB6A00B136FE /* Offer_21.swift */; };
		42EC4FE024D00BF2005C0B51 /* main.swift in Sources */ = {isa = PBXBuildFile; fileRef = 42EC4FDF24D00BF2005C0B51 /* main.swift */; };
		42EC4FE824D00C1F005C0B51 /* Offer-04.swift in Sources */ = {isa = PBXBuildFile; fileRef = 42EC4FE724D00C1F005C0B51 /* Offer-04.swift */; };
/* End PBXBuildFile section */

/* Begin PBXCopyFilesBuildPhase section */
		42EC4FDA24D00BF2005C0B51 /* CopyFiles */ = {
			isa = PBXCopyFilesBuildPhase;
			buildActionMask = 2147483647;
			dstPath = /usr/share/man/man1/;
			dstSubfolderSpec = 0;
			files = (
			);
			runOnlyForDeploymentPostprocessing = 1;
		};
/* End PBXCopyFilesBuildPhase section */

/* Begin PBXFileReference section */
		42434D17261717D6002AA137 /* _237_删除链表中的节点.swift */ = {isa = PBXFileReference; lastKnownFileType = sourcecode.swift; path = "_237_删除链表中的节点.swift"; sourceTree = "<group>"; };
		42434D1B2617187D002AA137 /* ListNode.swift */ = {isa = PBXFileReference; lastKnownFileType = sourcecode.swift; path = ListNode.swift; sourceTree = "<group>"; };
		42434D1E26171BE8002AA137 /* _206_反转链表.swift */ = {isa = PBXFileReference; lastKnownFileType = sourcecode.swift; path = "_206_反转链表.swift"; sourceTree = "<group>"; };
		4260C3BD264BCE0100F9D08E /* Offer_06.swift */ = {isa = PBXFileReference; lastKnownFileType = sourcecode.swift; path = Offer_06.swift; sourceTree = "<group>"; };
		42C335412619E5360035968B /* _141_环形链表.swift */ = {isa = PBXFileReference; lastKnownFileType = sourcecode.swift; path = "_141_环形链表.swift"; sourceTree = "<group>"; };
		42CBC86B2601FB6A00B136FE /* Offer_21.swift */ = {isa = PBXFileReference; lastKnownFileType = sourcecode.swift; path = Offer_21.swift; sourceTree = "<group>"; };
		42EC4FDC24D00BF2005C0B51 /* LeetCode_Swift */ = {isa = PBXFileReference; explicitFileType = "compiled.mach-o.executable"; includeInIndex = 0; path = LeetCode_Swift; sourceTree = BUILT_PRODUCTS_DIR; };
		42EC4FDF24D00BF2005C0B51 /* main.swift */ = {isa = PBXFileReference; lastKnownFileType = sourcecode.swift; path = main.swift; sourceTree = "<group>"; };
		42EC4FE724D00C1F005C0B51 /* Offer-04.swift */ = {isa = PBXFileReference; lastKnownFileType = sourcecode.swift; path = "Offer-04.swift"; sourceTree = "<group>"; };
/* End PBXFileReference section */

/* Begin PBXFrameworksBuildPhase section */
		42EC4FD924D00BF2005C0B51 /* Frameworks */ = {
			isa = PBXFrameworksBuildPhase;
			buildActionMask = 2147483647;
			files = (
			);
			runOnlyForDeploymentPostprocessing = 0;
		};
/* End PBXFrameworksBuildPhase section */

/* Begin PBXGroup section */
		42434D16261717B7002AA137 /* 链表 */ = {
			isa = PBXGroup;
			children = (
				42C335412619E5360035968B /* _141_环形链表.swift */,
				42434D1E26171BE8002AA137 /* _206_反转链表.swift */,
				42434D17261717D6002AA137 /* _237_删除链表中的节点.swift */,
				42434D1B2617187D002AA137 /* ListNode.swift */,
			);
			path = "链表";
			sourceTree = "<group>";
		};
		42EC4FD324D00BF2005C0B51 = {
			isa = PBXGroup;
			children = (
				42EC4FDE24D00BF2005C0B51 /* LeetCode_Swift */,
				42EC4FDD24D00BF2005C0B51 /* Products */,
			);
			sourceTree = "<group>";
		};
		42EC4FDD24D00BF2005C0B51 /* Products */ = {
			isa = PBXGroup;
			children = (
				42EC4FDC24D00BF2005C0B51 /* LeetCode_Swift */,
			);
			name = Products;
			sourceTree = "<group>";
		};
		42EC4FDE24D00BF2005C0B51 /* LeetCode_Swift */ = {
			isa = PBXGroup;
			children = (
				42434D16261717B7002AA137 /* 链表 */,
				42EC4FE624D00C0D005C0B51 /* Offer */,
				42EC4FDF24D00BF2005C0B51 /* main.swift */,
			);
			path = LeetCode_Swift;
			sourceTree = "<group>";
		};
		42EC4FE624D00C0D005C0B51 /* Offer */ = {
			isa = PBXGroup;
			children = (
				42EC4FE724D00C1F005C0B51 /* Offer-04.swift */,
				42CBC86B2601FB6A00B136FE /* Offer_21.swift */,
				4260C3BD264BCE0100F9D08E /* Offer_06.swift */,
			);
			path = Offer;
			sourceTree = "<group>";
		};
/* End PBXGroup section */

/* Begin PBXNativeTarget section */
		42EC4FDB24D00BF2005C0B51 /* LeetCode_Swift */ = {
			isa = PBXNativeTarget;
			buildConfigurationList = 42EC4FE324D00BF2005C0B51 /* Build configuration list for PBXNativeTarget "LeetCode_Swift" */;
			buildPhases = (
				42EC4FD824D00BF2005C0B51 /* Sources */,
				42EC4FD924D00BF2005C0B51 /* Frameworks */,
				42EC4FDA24D00BF2005C0B51 /* CopyFiles */,
			);
			buildRules = (
			);
			dependencies = (
			);
			name = LeetCode_Swift;
			productName = LeetCode_Swift;
			productReference = 42EC4FDC24D00BF2005C0B51 /* LeetCode_Swift */;
			productType = "com.apple.product-type.tool";
		};
/* End PBXNativeTarget section */

/* Begin PBXProject section */
		42EC4FD424D00BF2005C0B51 /* Project object */ = {
			isa = PBXProject;
			attributes = {
				LastSwiftUpdateCheck = 1130;
				LastUpgradeCheck = 1130;
				ORGANIZATIONNAME = refraincc;
				TargetAttributes = {
					42EC4FDB24D00BF2005C0B51 = {
						CreatedOnToolsVersion = 11.3.1;
					};
				};
			};
			buildConfigurationList = 42EC4FD724D00BF2005C0B51 /* Build configuration list for PBXProject "LeetCode_Swift" */;
			compatibilityVersion = "Xcode 9.3";
			developmentRegion = en;
			hasScannedForEncodings = 0;
			knownRegions = (
				en,
				Base,
			);
			mainGroup = 42EC4FD324D00BF2005C0B51;
			productRefGroup = 42EC4FDD24D00BF2005C0B51 /* Products */;
			projectDirPath = "";
			projectRoot = "";
			targets = (
				42EC4FDB24D00BF2005C0B51 /* LeetCode_Swift */,
			);
		};
/* End PBXProject section */

/* Begin PBXSourcesBuildPhase section */
		42EC4FD824D00BF2005C0B51 /* Sources */ = {
			isa = PBXSourcesBuildPhase;
			buildActionMask = 2147483647;
			files = (
				4260C3BE264BCE0100F9D08E /* Offer_06.swift in Sources */,
				42EC4FE824D00C1F005C0B51 /* Offer-04.swift in Sources */,
				42434D1F26171BE8002AA137 /* _206_反转链表.swift in Sources */,
				42434D1C2617187D002AA137 /* ListNode.swift in Sources */,
				42CBC86C2601FB6A00B136FE /* Offer_21.swift in Sources */,
				42434D18261717D6002AA137 /* _237_删除链表中的节点.swift in Sources */,
				42C335422619E5360035968B /* _141_环形链表.swift in Sources */,
				42EC4FE024D00BF2005C0B51 /* main.swift in Sources */,
			);
			runOnlyForDeploymentPostprocessing = 0;
		};
/* End PBXSourcesBuildPhase section */

/* Begin XCBuildConfiguration section */
		42EC4FE124D00BF2005C0B51 /* Debug */ = {
			isa = XCBuildConfiguration;
			buildSettings = {
				ALWAYS_SEARCH_USER_PATHS = NO;
				CLANG_ANALYZER_NONNULL = YES;
				CLANG_ANALYZER_NUMBER_OBJECT_CONVERSION = YES_AGGRESSIVE;
				CLANG_CXX_LANGUAGE_STANDARD = "gnu++14";
				CLANG_CXX_LIBRARY = "libc++";
				CLANG_ENABLE_MODULES = YES;
				CLANG_ENABLE_OBJC_ARC = YES;
				CLANG_ENABLE_OBJC_WEAK = YES;
				CLANG_WARN_BLOCK_CAPTURE_AUTORELEASING = YES;
				CLANG_WARN_BOOL_CONVERSION = YES;
				CLANG_WARN_COMMA = YES;
				CLANG_WARN_CONSTANT_CONVERSION = YES;
				CLANG_WARN_DEPRECATED_OBJC_IMPLEMENTATIONS = YES;
				CLANG_WARN_DIRECT_OBJC_ISA_USAGE = YES_ERROR;
				CLANG_WARN_DOCUMENTATION_COMMENTS = YES;
				CLANG_WARN_EMPTY_BODY = YES;
				CLANG_WARN_ENUM_CONVERSION = YES;
				CLANG_WARN_INFINITE_RECURSION = YES;
				CLANG_WARN_INT_CONVERSION = YES;
				CLANG_WARN_NON_LITERAL_NULL_CONVERSION = YES;
				CLANG_WARN_OBJC_IMPLICIT_RETAIN_SELF = YES;
				CLANG_WARN_OBJC_LITERAL_CONVERSION = YES;
				CLANG_WARN_OBJC_ROOT_CLASS = YES_ERROR;
				CLANG_WARN_RANGE_LOOP_ANALYSIS = YES;
				CLANG_WARN_STRICT_PROTOTYPES = YES;
				CLANG_WARN_SUSPICIOUS_MOVE = YES;
				CLANG_WARN_UNGUARDED_AVAILABILITY = YES_AGGRESSIVE;
				CLANG_WARN_UNREACHABLE_CODE = YES;
				CLANG_WARN__DUPLICATE_METHOD_MATCH = YES;
				COPY_PHASE_STRIP = NO;
				DEBUG_INFORMATION_FORMAT = dwarf;
				ENABLE_STRICT_OBJC_MSGSEND = YES;
				ENABLE_TESTABILITY = YES;
				GCC_C_LANGUAGE_STANDARD = gnu11;
				GCC_DYNAMIC_NO_PIC = NO;
				GCC_NO_COMMON_BLOCKS = YES;
				GCC_OPTIMIZATION_LEVEL = 0;
				GCC_PREPROCESSOR_DEFINITIONS = (
					"DEBUG=1",
					"$(inherited)",
				);
				GCC_WARN_64_TO_32_BIT_CONVERSION = YES;
				GCC_WARN_ABOUT_RETURN_TYPE = YES_ERROR;
				GCC_WARN_UNDECLARED_SELECTOR = YES;
				GCC_WARN_UNINITIALIZED_AUTOS = YES_AGGRESSIVE;
				GCC_WARN_UNUSED_FUNCTION = YES;
				GCC_WARN_UNUSED_VARIABLE = YES;
				MACOSX_DEPLOYMENT_TARGET = 10.15;
				MTL_ENABLE_DEBUG_INFO = INCLUDE_SOURCE;
				MTL_FAST_MATH = YES;
				ONLY_ACTIVE_ARCH = YES;
				SDKROOT = macosx;
				SWIFT_ACTIVE_COMPILATION_CONDITIONS = DEBUG;
				SWIFT_OPTIMIZATION_LEVEL = "-Onone";
			};
			name = Debug;
		};
		42EC4FE224D00BF2005C0B51 /* Release */ = {
			isa = XCBuildConfiguration;
			buildSettings = {
				ALWAYS_SEARCH_USER_PATHS = NO;
				CLANG_ANALYZER_NONNULL = YES;
				CLANG_ANALYZER_NUMBER_OBJECT_CONVERSION = YES_AGGRESSIVE;
				CLANG_CXX_LANGUAGE_STANDARD = "gnu++14";
				CLANG_CXX_LIBRARY = "libc++";
				CLANG_ENABLE_MODULES = YES;
				CLANG_ENABLE_OBJC_ARC = YES;
				CLANG_ENABLE_OBJC_WEAK = YES;
				CLANG_WARN_BLOCK_CAPTURE_AUTORELEASING = YES;
				CLANG_WARN_BOOL_CONVERSION = YES;
				CLANG_WARN_COMMA = YES;
				CLANG_WARN_CONSTANT_CONVERSION = YES;
				CLANG_WARN_DEPRECATED_OBJC_IMPLEMENTATIONS = YES;
				CLANG_WARN_DIRECT_OBJC_ISA_USAGE = YES_ERROR;
				CLANG_WARN_DOCUMENTATION_COMMENTS = YES;
				CLANG_WARN_EMPTY_BODY = YES;
				CLANG_WARN_ENUM_CONVERSION = YES;
				CLANG_WARN_INFINITE_RECURSION = YES;
				CLANG_WARN_INT_CONVERSION = YES;
				CLANG_WARN_NON_LITERAL_NULL_CONVERSION = YES;
				CLANG_WARN_OBJC_IMPLICIT_RETAIN_SELF = YES;
				CLANG_WARN_OBJC_LITERAL_CONVERSION = YES;
				CLANG_WARN_OBJC_ROOT_CLASS = YES_ERROR;
				CLANG_WARN_RANGE_LOOP_ANALYSIS = YES;
				CLANG_WARN_STRICT_PROTOTYPES = YES;
				CLANG_WARN_SUSPICIOUS_MOVE = YES;
				CLANG_WARN_UNGUARDED_AVAILABILITY = YES_AGGRESSIVE;
				CLANG_WARN_UNREACHABLE_CODE = YES;
				CLANG_WARN__DUPLICATE_METHOD_MATCH = YES;
				COPY_PHASE_STRIP = NO;
				DEBUG_INFORMATION_FORMAT = "dwarf-with-dsym";
				ENABLE_NS_ASSERTIONS = NO;
				ENABLE_STRICT_OBJC_MSGSEND = YES;
				GCC_C_LANGUAGE_STANDARD = gnu11;
				GCC_NO_COMMON_BLOCKS = YES;
				GCC_WARN_64_TO_32_BIT_CONVERSION = YES;
				GCC_WARN_ABOUT_RETURN_TYPE = YES_ERROR;
				GCC_WARN_UNDECLARED_SELECTOR = YES;
				GCC_WARN_UNINITIALIZED_AUTOS = YES_AGGRESSIVE;
				GCC_WARN_UNUSED_FUNCTION = YES;
				GCC_WARN_UNUSED_VARIABLE = YES;
				MACOSX_DEPLOYMENT_TARGET = 10.15;
				MTL_ENABLE_DEBUG_INFO = NO;
				MTL_FAST_MATH = YES;
				SDKROOT = macosx;
				SWIFT_COMPILATION_MODE = wholemodule;
				SWIFT_OPTIMIZATION_LEVEL = "-O";
			};
			name = Release;
		};
		42EC4FE424D00BF2005C0B51 /* Debug */ = {
			isa = XCBuildConfiguration;
			buildSettings = {
				CODE_SIGN_STYLE = Automatic;
				DEVELOPMENT_TEAM = P5AQHUSQDG;
				ENABLE_HARDENED_RUNTIME = YES;
				PRODUCT_NAME = "$(TARGET_NAME)";
				SWIFT_VERSION = 5.0;
			};
			name = Debug;
		};
		42EC4FE524D00BF2005C0B51 /* Release */ = {
			isa = XCBuildConfiguration;
			buildSettings = {
				CODE_SIGN_STYLE = Automatic;
				DEVELOPMENT_TEAM = P5AQHUSQDG;
				ENABLE_HARDENED_RUNTIME = YES;
				PRODUCT_NAME = "$(TARGET_NAME)";
				SWIFT_VERSION = 5.0;
			};
			name = Release;
		};
/* End XCBuildConfiguration section */

/* Begin XCConfigurationList section */
		42EC4FD724D00BF2005C0B51 /* Build configuration list for PBXProject "LeetCode_Swift" */ = {
			isa = XCConfigurationList;
			buildConfigurations = (
				42EC4FE124D00BF2005C0B51 /* Debug */,
				42EC4FE224D00BF2005C0B51 /* Release */,
			);
			defaultConfigurationIsVisible = 0;
			defaultConfigurationName = Release;
		};
		42EC4FE324D00BF2005C0B51 /* Build configuration list for PBXNativeTarget "LeetCode_Swift" */ = {
			isa = XCConfigurationList;
			buildConfigurations = (
				42EC4FE424D00BF2005C0B51 /* Debug */,
				42EC4FE524D00BF2005C0B51 /* Release */,
			);
			defaultConfigurationIsVisible = 0;
			defaultConfigurationName = Release;
		};
/* End XCConfigurationList section */
	};
	rootObject = 42EC4FD424D00BF2005C0B51 /* Project object */;
}
